version = 1
revision = 3
requires-python = ">=3.7"
resolution-markers = [
    "python_full_version >= '3.9'",
    "python_full_version < '3.9'",
]

[[package]]
name = "decorated-paho-mqtt"
version = "1.1.1"
source = { registry = "https://pypi.org/simple" }
dependencies = [
    { name = "paho-mqtt" },
]
sdist = { url = "https://files.pythonhosted.org/packages/fc/3a/8cfde47377ab9443563ace7d52e4f2e82aa1de8fbf94caed4d48280ece1a/decorated_paho_mqtt-1.1.1.tar.gz", hash = "sha256:ef847d8040aeaf9190f2ad8031b0f91d3ab80806613d830109108f939056e60f", size = 8632, upload-time = "2025-08-15T17:48:52.025Z" }
wheels = [
    { url = "https://files.pythonhosted.org/packages/3d/5e/136295ad6eb37eec187495c2cbbb97f68e3d6108963a4e8d8495720c0472/decorated_paho_mqtt-1.1.1-py3-none-any.whl", hash = "sha256:909df4ed0e5e14935b1aacd6bce7edc1d84485502b3b9a38e7ecc390020a9f14", size = 7607, upload-time = "2025-08-15T17:48:51.272Z" },
]

[[package]]
name = "docopt"
version = "0.6.2"
source = { registry = "https://pypi.org/simple" }
sdist = { url = "https://files.pythonhosted.org/packages/a2/55/8f8cab2afd404cf578136ef2cc5dfb50baa1761b68c9da1fb1e4eed343c9/docopt-0.6.2.tar.gz", hash = "sha256:49b3a825280bd66b3aa83585ef59c4a8c82f2c8a522dbe754a8bc8d08c85c491", size = 25901, upload-time = "2014-06-16T11:18:57.406Z" }

[[package]]
name = "door-manager"
version = "1.1.0"
source = { editable = "." }
dependencies = [
    { name = "decorated-paho-mqtt" },
    { name = "docopt" },
    { name = "paho-mqtt" },
    { name = "parameterized" },
    { name = "pyserial" },
    { name = "pyudev", version = "0.24.3", source = { registry = "https://pypi.org/simple" }, marker = "python_full_version < '3.9'" },
    { name = "pyudev", version = "0.24.4", source = { registry = "https://pypi.org/simple" }, marker = "python_full_version >= '3.9'" },
]

[package.dev-dependencies]
rpi = [
    { name = "rpi-gpio" },
]

[package.metadata]
requires-dist = [
    { name = "decorated-paho-mqtt", specifier = "==1.1.1" },
    { name = "docopt", specifier = "~=0.6.2" },
    { name = "paho-mqtt", specifier = "~=2.1.0" },
    { name = "parameterized", specifier = ">=0.9.0" },
    { name = "pyserial", specifier = "~=3.5" },
    { name = "pyudev", specifier = "~=0.24.3" },
]

[package.metadata.requires-dev]
rpi = [{ name = "rpi-gpio", specifier = "~=0.7.1" }]

[[package]]
name = "paho-mqtt"
version = "2.1.0"
source = { registry = "https://pypi.org/simple" }
sdist = { url = "https://files.pythonhosted.org/packages/39/15/0a6214e76d4d32e7f663b109cf71fb22561c2be0f701d67f93950cd40542/paho_mqtt-2.1.0.tar.gz", hash = "sha256:12d6e7511d4137555a3f6ea167ae846af2c7357b10bc6fa4f7c3968fc1723834", size = 148848, upload-time = "2024-04-29T19:52:55.591Z" }
wheels = [
    { url = "https://files.pythonhosted.org/packages/c4/cb/00451c3cf31790287768bb12c6bec834f5d292eaf3022afc88e14b8afc94/paho_mqtt-2.1.0-py3-none-any.whl", hash = "sha256:6db9ba9b34ed5bc6b6e3812718c7e06e2fd7444540df2455d2c51bd58808feee", size = 67219, upload-time = "2024-04-29T19:52:48.345Z" },
]

[[package]]
name = "parameterized"
version = "0.9.0"
source = { registry = "https://pypi.org/simple" }
sdist = { url = "https://files.pythonhosted.org/packages/ea/49/00c0c0cc24ff4266025a53e41336b79adaa5a4ebfad214f433d623f9865e/parameterized-0.9.0.tar.gz", hash = "sha256:7fc905272cefa4f364c1a3429cbbe9c0f98b793988efb5bf90aac80f08db09b1", size = 24351, upload-time = "2023-03-27T02:01:11.592Z" }
wheels = [
    { url = "https://files.pythonhosted.org/packages/00/2f/804f58f0b856ab3bf21617cccf5b39206e6c4c94c2cd227bde125ea6105f/parameterized-0.9.0-py2.py3-none-any.whl", hash = "sha256:4e0758e3d41bea3bbd05ec14fc2c24736723f243b28d702081aef438c9372b1b", size = 20475, upload-time = "2023-03-27T02:01:09.31Z" },
]

[[package]]
name = "pyserial"
version = "3.5"
source = { registry = "https://pypi.org/simple" }
sdist = { url = "https://files.pythonhosted.org/packages/1e/7d/ae3f0a63f41e4d2f6cb66a5b57197850f919f59e558159a4dd3a818f5082/pyserial-3.5.tar.gz", hash = "sha256:3c77e014170dfffbd816e6ffc205e9842efb10be9f58ec16d3e8675b4925cddb", size = 159125, upload-time = "2020-11-23T03:59:15.045Z" }
wheels = [
    { url = "https://files.pythonhosted.org/packages/07/bc/587a445451b253b285629263eb51c2d8e9bcea4fc97826266d186f96f558/pyserial-3.5-py2.py3-none-any.whl", hash = "sha256:c4451db6ba391ca6ca299fb3ec7bae67a5c55dde170964c7a14ceefec02f2cf0", size = 90585, upload-time = "2020-11-23T03:59:13.41Z" },
]

[[package]]
name = "pyudev"
version = "0.24.3"
source = { registry = "https://pypi.org/simple" }
resolution-markers = [
    "python_full_version < '3.9'",
]
sdist = { url = "https://files.pythonhosted.org/packages/c4/5c/6cc034da13830e3da123ccf9a30910bc868fa16670362f004e4b788d0df1/pyudev-0.24.3.tar.gz", hash = "sha256:2e945427a21674893bb97632401db62139d91cea1ee96137cc7b07ad22198fc7", size = 55970, upload-time = "2024-05-10T18:24:04.599Z" }
wheels = [
    { url = "https://files.pythonhosted.org/packages/9d/3b/c37870f68ceb067707ca7b04db364a1478fcd40c6194007fb6e492ff9a92/pyudev-0.24.3-py3-none-any.whl", hash = "sha256:e8246f0a014fe370119ba2bc781bfbe62c0298d0d6b39c94e83102a8a3f56960", size = 62677, upload-time = "2024-05-10T18:24:02.743Z" },
]

[[package]]
name = "pyudev"
version = "0.24.4"
source = { registry = "https://pypi.org/simple" }
resolution-markers = [
    "python_full_version >= '3.9'",
]
sdist = { url = "https://files.pythonhosted.org/packages/5e/1d/8bdbf651de1002e8b58fbe817bee22b1e8bfcdd24341d42c3238ce9a75f4/pyudev-0.24.4.tar.gz", hash = "sha256:e788bb983700b1a84efc2e88862b0a51af2a995d5b86bc9997546505cf7b36bc", size = 56135, upload-time = "2025-10-08T17:26:58.661Z" }
wheels = [
    { url = "https://files.pythonhosted.org/packages/2a/51/3dc0cd6498b24dea3cdeaed648568e3ca7454d41334d840b114156d7479f/pyudev-0.24.4-py3-none-any.whl", hash = "sha256:b3b6b01c68e6fc628428cc45ff3fe6c277afbb5d96507f14473ddb4a6b959e00", size = 62784, upload-time = "2025-10-08T17:26:57.664Z" },
]

[[package]]
name = "rpi-gpio"
version = "0.7.1"
source = { registry = "https://pypi.org/simple" }
sdist = { url = "https://files.pythonhosted.org/packages/c4/0f/10b524a12b3445af1c607c27b2f5ed122ef55756e29942900e5c950735f2/RPi.GPIO-0.7.1.tar.gz", hash = "sha256:cd61c4b03c37b62bba4a5acfea9862749c33c618e0295e7e90aa4713fb373b70", size = 29090, upload-time = "2022-02-06T15:15:06.022Z" }
wheels = [
    { url = "https://files.pythonhosted.org/packages/40/48/e5698d5589d63907593c2909b8e4f0e7b559af19a73de003b1dabb5332c7/RPi.GPIO-0.7.1-cp310-cp310-linux_armv6l.whl", hash = "sha256:57b6c044ef5375a78c8dda27cdfadf329e76aa6943cd6cffbbbd345a9adf9ca5", size = 69820, upload-time = "2022-02-06T15:14:56.019Z" },
    { url = "https://files.pythonhosted.org/packages/0c/c7/5f7aa692960e0eb187fa8206ab1f219757a259570c634fe15e2ca7d95aa2/RPi.GPIO-0.7.1-cp37-cp37m-linux_armv6l.whl", hash = "sha256:77afb817b81331ce3049a4b8f94a85e41b7c404d8e56b61ac0f1eb75c3120868", size = 70407, upload-time = "2022-02-06T15:14:57.904Z" },
    { url = "https://files.pythonhosted.org/packages/b4/4e/1ff704c41ae2dd5d9e0481fa41781ec2f62c80159b02769b2a69215b5600/RPi.GPIO-0.7.1-cp38-cp38-linux_armv6l.whl", hash = "sha256:29226823da8b5ccb9001d795a944f2e00924eeae583490f0bc7317581172c624", size = 68353, upload-time = "2022-02-06T15:14:59.444Z" },
    { url = "https://files.pythonhosted.org/packages/b7/f4/19ac7172e60983148970abcd96a5c5d099febf538f35e9f569b3c1a70543/RPi.GPIO-0.7.1-cp39-cp39-linux_armv6l.whl", hash = "sha256:15311d3b063b71dee738cd26570effc9985a952454d162937c34e08c0fc99902", size = 69302, upload-time = "2022-02-06T15:15:01.252Z" },
]
